
Microsoft Visual Studio Solution File, Format Version 12.00
# Visual Studio Version 17
VisualStudioVersion = 17.13.35931.197
MinimumVisualStudioVersion = 10.0.40219.1
Project("{FAE04EC0-301F-11D3-BF4B-00C04F79EFBC}") = "Lynqo_AdminWPF", "Lynqo_AdminWPF\Lynqo_AdminWPF.csproj", "{0C44CE2A-05B6-4C0D-8588-2C4CAF49E373}"
EndProject
Project("{FAE04EC0-301F-11D3-BF4B-00C04F79EFBC}") = "Lynqo_AdminWPF.Tests", "Lynqo_AdminWPF.Tests\Lynqo_AdminWPF.Tests.csproj", "{A0B10837-12D3-4B28-B8E1-1A441C9BF12B}"
EndProject
Global
	GlobalSection(SolutionConfigurationPlatforms) = preSolution
		Debug|Any CPU = Debug|Any CPU
		Release|Any CPU = Release|Any CPU
	EndGlobalSection
	GlobalSection(ProjectConfigurationPlatforms) = postSolution
		{0C44CE2A-05B6-4C0D-8588-2C4CAF49E373}.Debug|Any CPU.ActiveCfg = Debug|Any CPU
		{0C44CE2A-05B6-4C0D-8588-2C4CAF49E373}.Debug|Any CPU.Build.0 = Debug|Any CPU
		{0C44CE2A-05B6-4C0D-8588-2C4CAF49E373}.Release|Any CPU.ActiveCfg = Release|Any CPU
		{0C44CE2A-05B6-4C0D-8588-2C4CAF49E373}.Release|Any CPU.Build.0 = Release|Any CPU
		{A0B10837-12D3-4B28-B8E1-1A441C9BF12B}.Debug|Any CPU.ActiveCfg = Debug|Any CPU
		{A0B10837-12D3-4B28-B8E1-1A441C9BF12B}.Debug|Any CPU.Build.0 = Debug|Any CPU
		{A0B10837-12D3-4B28-B8E1-1A441C9BF12B}.Release|Any CPU.ActiveCfg = Release|Any CPU
		{A0B10837-12D3-4B28-B8E1-1A441C9BF12B}.Release|Any CPU.Build.0 = Release|Any CPU
	EndGlobalSection
	GlobalSection(SolutionProperties) = preSolution
		HideSolutionNode = FALSE
	EndGlobalSection
	GlobalSection(ExtensibilityGlobals) = postSolution
		SolutionGuid = {D6A9EAC9-35E6-4CCE-B196-F298EE6615B2}
	EndGlobalSection
EndGlobal
